
Microsoft Visual Studio Solution File, Format Version 12.00
# Visual Studio Version 16
VisualStudioVersion = 16.0.31229.75
MinimumVisualStudioVersion = 10.0.40219.1
Project("{FAE04EC0-301F-11D3-BF4B-00C04F79EFBC}") = "Online Shopping API", "Online Shopping API\Online Shopping API.csproj", "{7A0788E2-DE84-4AEC-8281-C1801C34F9EA}"
EndProject
Project("{FAE04EC0-301F-11D3-BF4B-00C04F79EFBC}") = "Online Shopping Domain", "Online Shopping Domain\Online Shopping Domain.csproj", "{08F0D2D5-792B-4469-8842-664E8442EFE0}"
EndProject
Project("{FAE04EC0-301F-11D3-BF4B-00C04F79EFBC}") = "Online Shopping Infrastructure", "Online Shopping Infrastructure\Online Shopping Infrastructure.csproj", "{96F35375-EE5C-4D96-AD2C-F91F563EAC97}"
EndProject
Global
	GlobalSection(SolutionConfigurationPlatforms) = preSolution
		Debug|Any CPU = Debug|Any CPU
		Release|Any CPU = Release|Any CPU
	EndGlobalSection
	GlobalSection(ProjectConfigurationPlatforms) = postSolution
		{7A0788E2-DE84-4AEC-8281-C1801C34F9EA}.Debug|Any CPU.ActiveCfg = Debug|Any CPU
		{7A0788E2-DE84-4AEC-8281-C1801C34F9EA}.Debug|Any CPU.Build.0 = Debug|Any CPU
		{7A0788E2-DE84-4AEC-8281-C1801C34F9EA}.Release|Any CPU.ActiveCfg = Release|Any CPU
		{7A0788E2-DE84-4AEC-8281-C1801C34F9EA}.Release|Any CPU.Build.0 = Release|Any CPU
		{08F0D2D5-792B-4469-8842-664E8442EFE0}.Debug|Any CPU.ActiveCfg = Debug|Any CPU
		{08F0D2D5-792B-4469-8842-664E8442EFE0}.Debug|Any CPU.Build.0 = Debug|Any CPU
		{08F0D2D5-792B-4469-8842-664E8442EFE0}.Release|Any CPU.ActiveCfg = Release|Any CPU
		{08F0D2D5-792B-4469-8842-664E8442EFE0}.Release|Any CPU.Build.0 = Release|Any CPU
		{96F35375-EE5C-4D96-AD2C-F91F563EAC97}.Debug|Any CPU.ActiveCfg = Debug|Any CPU
		{96F35375-EE5C-4D96-AD2C-F91F563EAC97}.Debug|Any CPU.Build.0 = Debug|Any CPU
		{96F35375-EE5C-4D96-AD2C-F91F563EAC97}.Release|Any CPU.ActiveCfg = Release|Any CPU
		{96F35375-EE5C-4D96-AD2C-F91F563EAC97}.Release|Any CPU.Build.0 = Release|Any CPU
	EndGlobalSection
	GlobalSection(SolutionProperties) = preSolution
		HideSolutionNode = FALSE
	EndGlobalSection
	GlobalSection(ExtensibilityGlobals) = postSolution
		SolutionGuid = {2BFB1F1D-99FD-4CB7-BB36-947ED3229343}
	EndGlobalSection
EndGlobal
